// !$*UTF8*$!
{
	archiveVersion = 1;
	classes = {
	};
	objectVersion = 51;
	objects = {

/* Begin PBXBuildFile section */
		03B9A959792E47B7074E63EC /* InlineSnapshotTests.swift in Sources */ = {isa = PBXBuildFile; fileRef = F6D3BC50BC4692DC6D9FAE0F /* InlineSnapshotTests.swift */; };
		090696C9C9B31176981688B6 /* testCreateSnapshotWithShorterExtendedDelimiter2.1.swift in Sources */ = {isa = PBXBuildFile; fileRef = ADACB597E6A3CAC5BFEEFB05 /* testCreateSnapshotWithShorterExtendedDelimiter2.1.swift */; };
		09302A1D32AAB58F77A4C44E /* UIBezierPath.swift in Sources */ = {isa = PBXBuildFile; fileRef = 2641BBEB31120E3B7FE5EA51 /* UIBezierPath.swift */; };
		0DC15DB0A6BADEA52DF1EAAC /* testCreateSnapshotWithExtendedDelimiter1.1.swift in Sources */ = {isa = PBXBuildFile; fileRef = 1FB18BB1F44D13D5C5FE09A6 /* testCreateSnapshotWithExtendedDelimiter1.1.swift */; };
		0DE9CA7B053831FD4B1916D4 /* Wait.swift in Sources */ = {isa = PBXBuildFile; fileRef = 10213E0E8B550596F75463C3 /* Wait.swift */; };
		153E4085A2034A6B10A14FE5 /* NSImage.swift in Sources */ = {isa = PBXBuildFile; fileRef = 48914A258708D7AC11DC12EF /* NSImage.swift */; };
		19ED514951B7BC48DF9BFA37 /* AssertInlineSnapshot.swift in Sources */ = {isa = PBXBuildFile; fileRef = FD800FD3282956340AD7706A /* AssertInlineSnapshot.swift */; };
		1F3E59AFA9B307D738D3B93B /* SnapshotTesting.framework in Frameworks */ = {isa = PBXBuildFile; fileRef = 842D40AC2CB8F872C0C791D4 /* SnapshotTesting.framework */; };
		21F2DFB03E4C80A6A0E50F27 /* testUpdateSnapshotWithExtendedDelimiter1.1.swift in Sources */ = {isa = PBXBuildFile; fileRef = F4D7D0D81B7E35C6284A3E65 /* testUpdateSnapshotWithExtendedDelimiter1.1.swift */; };
		235457DCA1FBC05A7A6D2896 /* SnapshotTestCase.swift in Sources */ = {isa = PBXBuildFile; fileRef = 5CD2F74288CF52A13C9BB497 /* SnapshotTestCase.swift */; };
		26D6608B1B03E106FE0C1BB2 /* testUpdateSeveralSnapshotsWithLessLines.1.swift in Sources */ = {isa = PBXBuildFile; fileRef = 32BC721A155DB7D81BE69683 /* testUpdateSeveralSnapshotsWithLessLines.1.swift */; };
		2952834B814CB534F1FE7004 /* Data.swift in Sources */ = {isa = PBXBuildFile; fileRef = 58583084B2E2BC023E981D2B /* Data.swift */; };
		2FAE7EECC8E81A61EE14E44C /* testCreateSnapshotWithExtendedDelimiterSingleLine1.1.swift in Sources */ = {isa = PBXBuildFile; fileRef = C13AB875AB58FF3BCAC1AA66 /* testCreateSnapshotWithExtendedDelimiterSingleLine1.1.swift */; };
		35416511A31CBC53C331BA81 /* testCreateSnapshotWithExtendedDelimiter2.1.swift in Sources */ = {isa = PBXBuildFile; fileRef = 2A69D6A4D06EB76C77493EB7 /* testCreateSnapshotWithExtendedDelimiter2.1.swift */; };
		3B0F5030DBAF4962DEF677BA /* testCreateSnapshotEscapedNewlineLastLine.1.swift in Sources */ = {isa = PBXBuildFile; fileRef = B8F1FEF91276E0D2BEFD9BC6 /* testCreateSnapshotEscapedNewlineLastLine.1.swift */; };
		3C0A3CFBF00946BBA68B9F19 /* Async.swift in Sources */ = {isa = PBXBuildFile; fileRef = 646ABA578B433C2F4DD4A086 /* Async.swift */; };
		3FAA12F89D28169C030A4869 /* TestHelpers.swift in Sources */ = {isa = PBXBuildFile; fileRef = 49C676C30FCAE10DB1773832 /* TestHelpers.swift */; };
		409EB46E090A27B7B9B888C6 /* Internal.swift in Sources */ = {isa = PBXBuildFile; fileRef = F479E2BD835B9641B85EB51E /* Internal.swift */; };
		48C26ECDB38CEB6724BA2A84 /* testCreateSnapshotWithExtendedDelimiterSingleLine2.1.swift in Sources */ = {isa = PBXBuildFile; fileRef = 8A637034F06E7DF38F2339F4 /* testCreateSnapshotWithExtendedDelimiterSingleLine2.1.swift */; };
		502B10D23E9EAB3B4992763A /* CGPath.swift in Sources */ = {isa = PBXBuildFile; fileRef = 1F2750685230CC3BC17BDEAB /* CGPath.swift */; };
		54C8B9900FB6BDC34C7C64B0 /* testUpdateSeveralSnapshotsSwapingLines2.1.swift in Sources */ = {isa = PBXBuildFile; fileRef = D77BE996AE7868E9B58D6C74 /* testUpdateSeveralSnapshotsSwapingLines2.1.swift */; };
		5509765557741AD711A1BF26 /* NSView.swift in Sources */ = {isa = PBXBuildFile; fileRef = E9D57E3B929139A0C14AEBA7 /* NSView.swift */; };
		5B09E6C31A12EC46075D3122 /* testUpdateSnapshot.1.swift in Sources */ = {isa = PBXBuildFile; fileRef = D1FE81FC04984B93B0C27FA6 /* testUpdateSnapshot.1.swift */; };
		637FCE26C54FAB825840B592 /* PlistEncoder.swift in Sources */ = {isa = PBXBuildFile; fileRef = D3B960E2B6E4AAE0BA50F27B /* PlistEncoder.swift */; };
		6467247707FAFD8D4138A9E6 /* SceneKit.swift in Sources */ = {isa = PBXBuildFile; fileRef = 5580E7AC2CEBEA656780C7A9 /* SceneKit.swift */; };
		6A6A8B166E1944E0D02820E7 /* NSViewController.swift in Sources */ = {isa = PBXBuildFile; fileRef = CB124D18325606D35B7027A6 /* NSViewController.swift */; };
		703C5E04CC49E21E0E92146B /* UIViewController.swift in Sources */ = {isa = PBXBuildFile; fileRef = 5AAFA3BB389939B18F4D7187 /* UIViewController.swift */; };
		7D8919F4C9A65E56E7DF5B04 /* testCreateSnapshotMultiLine.1.swift in Sources */ = {isa = PBXBuildFile; fileRef = 4C685ECE195C23560AFD1456 /* testCreateSnapshotMultiLine.1.swift */; };
		7DFA18359C245495DA9B3BBF /* testUpdateSeveralSnapshotsSwapingLines1.1.swift in Sources */ = {isa = PBXBuildFile; fileRef = 86AF3E4E28A1292D02E080C7 /* testUpdateSeveralSnapshotsSwapingLines1.1.swift */; };
		83E38F7388B81D3B73AF72C0 /* NSBezierPath.swift in Sources */ = {isa = PBXBuildFile; fileRef = 599AA3651C4CEE464302CFDD /* NSBezierPath.swift */; };
		9067AB8A013AB2261D98D9AB /* testWait.1.txt in Resources */ = {isa = PBXBuildFile; fileRef = 53F63F2CD9E9F164EB7AF753 /* testWait.1.txt */; };
		94FBF30103A86AD377871AF5 /* testUpdateSnapshotWithLongerExtendedDelimiter2.1.swift in Sources */ = {isa = PBXBuildFile; fileRef = 4E7085488C51876C1E9B871C /* testUpdateSnapshotWithLongerExtendedDelimiter2.1.swift */; };
		95DF08A816C5D2B7D928FB63 /* Diffing.swift in Sources */ = {isa = PBXBuildFile; fileRef = 619A277E9C7B85515EC88C84 /* Diffing.swift */; };
		9DBE94C64A967E2061A6C9F9 /* View.swift in Sources */ = {isa = PBXBuildFile; fileRef = 0F6B5B3AB021FA3CD7519733 /* View.swift */; };
		9F1F8E88C7E53AFA78C6D2D6 /* CALayer.swift in Sources */ = {isa = PBXBuildFile; fileRef = 96E01FF29B2959DE5FD093FB /* CALayer.swift */; };
		A080148A982EA5C60C0D7F80 /* WaitTests.swift in Sources */ = {isa = PBXBuildFile; fileRef = D86810F80142B1A3265C4F74 /* WaitTests.swift */; };
		B278D8CC9C458D4A36D713A0 /* Any.swift in Sources */ = {isa = PBXBuildFile; fileRef = F8F831EAAFB97204ECD0B879 /* Any.swift */; };
		B2DFA8C881CE0C3F00B947BC /* testUpdateSnapshotWithExtendedDelimiter2.1.swift in Sources */ = {isa = PBXBuildFile; fileRef = 9CAC8CA2C073A9D03BC22880 /* testUpdateSnapshotWithExtendedDelimiter2.1.swift */; };
		B373B5A94CE4FC777AE53C36 /* SwiftUIView.swift in Sources */ = {isa = PBXBuildFile; fileRef = 7585E299A8FF3416E005E3FD /* SwiftUIView.swift */; };
		B4F556A885AC3E211749AF7A /* testUpdateSnapshotWithShorterExtendedDelimiter1.1.swift in Sources */ = {isa = PBXBuildFile; fileRef = 9CD3B175977519BCF6179FD0 /* testUpdateSnapshotWithShorterExtendedDelimiter1.1.swift */; };
		B5E05D81143B70075C4F3603 /* Snapshotting.swift in Sources */ = {isa = PBXBuildFile; fileRef = 9D7D5B93AE097C0B92B78931 /* Snapshotting.swift */; };
		B82D85446A12CA5E7B77316E /* testUpdateSeveralSnapshotsWithMoreLines.1.swift in Sources */ = {isa = PBXBuildFile; fileRef = ECEC001D7DB94ECB4F5A2CF9 /* testUpdateSeveralSnapshotsWithMoreLines.1.swift */; };
		BAA0E616B4CFAFBCDE4351CD /* testUpdateSnapshotWithMoreLines.1.swift in Sources */ = {isa = PBXBuildFile; fileRef = A0BC8BF7E37686D31F59B9F6 /* testUpdateSnapshotWithMoreLines.1.swift */; };
		BAE0964452AE739609ECA3DC /* SnapshotTestingTests.swift in Sources */ = {isa = PBXBuildFile; fileRef = EA789F513A8B1E8EF5BF81E2 /* SnapshotTestingTests.swift */; };
		BD93D383AC2C3E6B009902C7 /* testUpdateSnapshotWithShorterExtendedDelimiter2.1.swift in Sources */ = {isa = PBXBuildFile; fileRef = 4796690CC049B52358D7173A /* testUpdateSnapshotWithShorterExtendedDelimiter2.1.swift */; };
		BDB8F8E77711315778EEA732 /* String+SpecialCharacters.swift in Sources */ = {isa = PBXBuildFile; fileRef = D49092873A7A5D6DA623E352 /* String+SpecialCharacters.swift */; };
		BE574D295531392B956FC68F /* URLRequest.swift in Sources */ = {isa = PBXBuildFile; fileRef = AA7A398EA6B5594232933158 /* URLRequest.swift */; };
		C0ECC6E15881FFE3369F155C /* testCreateSnapshotSingleLine.1.swift in Sources */ = {isa = PBXBuildFile; fileRef = 47F0BCE5A339D74CD4AE05C2 /* testCreateSnapshotSingleLine.1.swift */; };
		C68FB259008568065E5C7455 /* testCreateSnapshotWithLongerExtendedDelimiter1.1.swift in Sources */ = {isa = PBXBuildFile; fileRef = DAA9C51757FC5DC679F5DC72 /* testCreateSnapshotWithLongerExtendedDelimiter1.1.swift */; };
		CA71379FB81858894716E478 /* XCTAttachment.swift in Sources */ = {isa = PBXBuildFile; fileRef = 4BE8DE5E8A102E1012CD0C95 /* XCTAttachment.swift */; };
		CC2ED11045B8419F8AE321AB /* UIView.swift in Sources */ = {isa = PBXBuildFile; fileRef = 0D04C79E5D44F1874BBACB11 /* UIView.swift */; };
		CCC38DF1920BA45F9F2D094A /* AssertSnapshot.swift in Sources */ = {isa = PBXBuildFile; fileRef = A0B236137C960C05554D4310 /* AssertSnapshot.swift */; };
		CFE8367588CC332B9FA806D9 /* testUpdateSnapshotWithLongerExtendedDelimiter1.1.swift in Sources */ = {isa = PBXBuildFile; fileRef = E1E18803C6CA9CC80FF55033 /* testUpdateSnapshotWithLongerExtendedDelimiter1.1.swift */; };
		D02B619FAFB2C918F3CC288F /* String.swift in Sources */ = {isa = PBXBuildFile; fileRef = 04F429C62A87AC95E13E2D78 /* String.swift */; };
		D1D5E4983183725E194F3164 /* UIImage.swift in Sources */ = {isa = PBXBuildFile; fileRef = 810407271A6CB90161DCE6A0 /* UIImage.swift */; };
		D780A6DFDAFF4F96C6FCB187 /* Codable.swift in Sources */ = {isa = PBXBuildFile; fileRef = 34D7CFCA42A4D2168436F6C1 /* Codable.swift */; };
		D80866131C91C020B787BF3A /* Diff.swift in Sources */ = {isa = PBXBuildFile; fileRef = 8EEE36D7D9E53E70DABA3996 /* Diff.swift */; };
		DBDBD4CEAD0A28619CE31EED /* CaseIterable.swift in Sources */ = {isa = PBXBuildFile; fileRef = B843712AB555B46BA6E4EC2A /* CaseIterable.swift */; };
		DC21EA7F65A46CEEBDB27646 /* SnapshotTesting.framework in Embed Frameworks */ = {isa = PBXBuildFile; fileRef = 842D40AC2CB8F872C0C791D4 /* SnapshotTesting.framework */; settings = {ATTRIBUTES = (CodeSignOnCopy, RemoveHeadersOnCopy, ); }; };
		E241A80A41559E4866A49BEC /* testUpdateSnapshotCombined1.1.swift in Sources */ = {isa = PBXBuildFile; fileRef = 94A6FCFFED1BDCF9090E5FEC /* testUpdateSnapshotCombined1.1.swift */; };
		F08D075BF88C1AF054EDABEE /* SpriteKit.swift in Sources */ = {isa = PBXBuildFile; fileRef = 4055310797F1D4813ABD0359 /* SpriteKit.swift */; };
		F76AEB86708951741C689883 /* Description.swift in Sources */ = {isa = PBXBuildFile; fileRef = A76261A778A1B8C06EB7E1B4 /* Description.swift */; };
		F78EE63EBF2731C202A13118 /* testCreateSnapshotWithShorterExtendedDelimiter1.1.swift in Sources */ = {isa = PBXBuildFile; fileRef = EE91B5904B3F67A3A01610C8 /* testCreateSnapshotWithShorterExtendedDelimiter1.1.swift */; };
		FCCAB582CF18F6442BB15668 /* testCreateSnapshotWithLongerExtendedDelimiter2.1.swift in Sources */ = {isa = PBXBuildFile; fileRef = 1EDE232DB652745F05B478F4 /* testCreateSnapshotWithLongerExtendedDelimiter2.1.swift */; };
		FF6204DFE2952D32160022DF /* testUpdateSnapshotWithLessLines.1.swift in Sources */ = {isa = PBXBuildFile; fileRef = A906E6EBBD9DC8CFDA3CF642 /* testUpdateSnapshotWithLessLines.1.swift */; };
/* End PBXBuildFile section */

/* Begin PBXContainerItemProxy section */
		C18338DE7B0373356F60BE5A /* PBXContainerItemProxy */ = {
			isa = PBXContainerItemProxy;
			containerPortal = 675140927BC96A4EABE97C29 /* Project object */;
			proxyType = 1;
			remoteGlobalIDString = 4B97A17EF94FF6150BF664BB;
			remoteInfo = SnapshotTesting;
		};
/* End PBXContainerItemProxy section */

/* Begin PBXCopyFilesBuildPhase section */
		2484B5EC2042B72C204E68E1 /* Embed Frameworks */ = {
			isa = PBXCopyFilesBuildPhase;
			buildActionMask = 2147483647;
			dstPath = "";
			dstSubfolderSpec = 10;
			files = (
				DC21EA7F65A46CEEBDB27646 /* SnapshotTesting.framework in Embed Frameworks */,
			);
			name = "Embed Frameworks";
			runOnlyForDeploymentPostprocessing = 0;
		};
/* End PBXCopyFilesBuildPhase section */

/* Begin PBXFileReference section */
		04F429C62A87AC95E13E2D78 /* String.swift */ = {isa = PBXFileReference; lastKnownFileType = sourcecode.swift; path = String.swift; sourceTree = "<group>"; };
		0D04C79E5D44F1874BBACB11 /* UIView.swift */ = {isa = PBXFileReference; lastKnownFileType = sourcecode.swift; path = UIView.swift; sourceTree = "<group>"; };
		0F6B5B3AB021FA3CD7519733 /* View.swift */ = {isa = PBXFileReference; lastKnownFileType = sourcecode.swift; path = View.swift; sourceTree = "<group>"; };
		10213E0E8B550596F75463C3 /* Wait.swift */ = {isa = PBXFileReference; lastKnownFileType = sourcecode.swift; path = Wait.swift; sourceTree = "<group>"; };
		1EDE232DB652745F05B478F4 /* testCreateSnapshotWithLongerExtendedDelimiter2.1.swift */ = {isa = PBXFileReference; lastKnownFileType = sourcecode.swift; path = testCreateSnapshotWithLongerExtendedDelimiter2.1.swift; sourceTree = "<group>"; };
		1F2750685230CC3BC17BDEAB /* CGPath.swift */ = {isa = PBXFileReference; lastKnownFileType = sourcecode.swift; path = CGPath.swift; sourceTree = "<group>"; };
		1FB18BB1F44D13D5C5FE09A6 /* testCreateSnapshotWithExtendedDelimiter1.1.swift */ = {isa = PBXFileReference; lastKnownFileType = sourcecode.swift; path = testCreateSnapshotWithExtendedDelimiter1.1.swift; sourceTree = "<group>"; };
		2641BBEB31120E3B7FE5EA51 /* UIBezierPath.swift */ = {isa = PBXFileReference; lastKnownFileType = sourcecode.swift; path = UIBezierPath.swift; sourceTree = "<group>"; };
		299A5509197083A5DAFCC64A /* SnapshotTestingTests.xctest */ = {isa = PBXFileReference; includeInIndex = 0; lastKnownFileType = wrapper.cfbundle; path = SnapshotTestingTests.xctest; sourceTree = BUILT_PRODUCTS_DIR; };
		2A69D6A4D06EB76C77493EB7 /* testCreateSnapshotWithExtendedDelimiter2.1.swift */ = {isa = PBXFileReference; lastKnownFileType = sourcecode.swift; path = testCreateSnapshotWithExtendedDelimiter2.1.swift; sourceTree = "<group>"; };
		32BC721A155DB7D81BE69683 /* testUpdateSeveralSnapshotsWithLessLines.1.swift */ = {isa = PBXFileReference; lastKnownFileType = sourcecode.swift; path = testUpdateSeveralSnapshotsWithLessLines.1.swift; sourceTree = "<group>"; };
		34D7CFCA42A4D2168436F6C1 /* Codable.swift */ = {isa = PBXFileReference; lastKnownFileType = sourcecode.swift; path = Codable.swift; sourceTree = "<group>"; };
		4055310797F1D4813ABD0359 /* SpriteKit.swift */ = {isa = PBXFileReference; lastKnownFileType = sourcecode.swift; path = SpriteKit.swift; sourceTree = "<group>"; };
		4796690CC049B52358D7173A /* testUpdateSnapshotWithShorterExtendedDelimiter2.1.swift */ = {isa = PBXFileReference; lastKnownFileType = sourcecode.swift; path = testUpdateSnapshotWithShorterExtendedDelimiter2.1.swift; sourceTree = "<group>"; };
		47F0BCE5A339D74CD4AE05C2 /* testCreateSnapshotSingleLine.1.swift */ = {isa = PBXFileReference; lastKnownFileType = sourcecode.swift; path = testCreateSnapshotSingleLine.1.swift; sourceTree = "<group>"; };
		48914A258708D7AC11DC12EF /* NSImage.swift */ = {isa = PBXFileReference; lastKnownFileType = sourcecode.swift; path = NSImage.swift; sourceTree = "<group>"; };
		49C676C30FCAE10DB1773832 /* TestHelpers.swift */ = {isa = PBXFileReference; lastKnownFileType = sourcecode.swift; path = TestHelpers.swift; sourceTree = "<group>"; };
		4BE8DE5E8A102E1012CD0C95 /* XCTAttachment.swift */ = {isa = PBXFileReference; lastKnownFileType = sourcecode.swift; path = XCTAttachment.swift; sourceTree = "<group>"; };
		4C685ECE195C23560AFD1456 /* testCreateSnapshotMultiLine.1.swift */ = {isa = PBXFileReference; lastKnownFileType = sourcecode.swift; path = testCreateSnapshotMultiLine.1.swift; sourceTree = "<group>"; };
		4E7085488C51876C1E9B871C /* testUpdateSnapshotWithLongerExtendedDelimiter2.1.swift */ = {isa = PBXFileReference; lastKnownFileType = sourcecode.swift; path = testUpdateSnapshotWithLongerExtendedDelimiter2.1.swift; sourceTree = "<group>"; };
		53F63F2CD9E9F164EB7AF753 /* testWait.1.txt */ = {isa = PBXFileReference; lastKnownFileType = text; path = testWait.1.txt; sourceTree = "<group>"; };
		5580E7AC2CEBEA656780C7A9 /* SceneKit.swift */ = {isa = PBXFileReference; lastKnownFileType = sourcecode.swift; path = SceneKit.swift; sourceTree = "<group>"; };
		58583084B2E2BC023E981D2B /* Data.swift */ = {isa = PBXFileReference; lastKnownFileType = sourcecode.swift; path = Data.swift; sourceTree = "<group>"; };
		599AA3651C4CEE464302CFDD /* NSBezierPath.swift */ = {isa = PBXFileReference; lastKnownFileType = sourcecode.swift; path = NSBezierPath.swift; sourceTree = "<group>"; };
		5AAFA3BB389939B18F4D7187 /* UIViewController.swift */ = {isa = PBXFileReference; lastKnownFileType = sourcecode.swift; path = UIViewController.swift; sourceTree = "<group>"; };
		5CD2F74288CF52A13C9BB497 /* SnapshotTestCase.swift */ = {isa = PBXFileReference; lastKnownFileType = sourcecode.swift; path = SnapshotTestCase.swift; sourceTree = "<group>"; };
		619A277E9C7B85515EC88C84 /* Diffing.swift */ = {isa = PBXFileReference; lastKnownFileType = sourcecode.swift; path = Diffing.swift; sourceTree = "<group>"; };
		6244D0EADF210BE6E3CE2EE7 /* Info.plist */ = {isa = PBXFileReference; lastKnownFileType = text.plist; path = Info.plist; sourceTree = "<group>"; };
		646ABA578B433C2F4DD4A086 /* Async.swift */ = {isa = PBXFileReference; lastKnownFileType = sourcecode.swift; path = Async.swift; sourceTree = "<group>"; };
		7585E299A8FF3416E005E3FD /* SwiftUIView.swift */ = {isa = PBXFileReference; lastKnownFileType = sourcecode.swift; path = SwiftUIView.swift; sourceTree = "<group>"; };
		810407271A6CB90161DCE6A0 /* UIImage.swift */ = {isa = PBXFileReference; lastKnownFileType = sourcecode.swift; path = UIImage.swift; sourceTree = "<group>"; };
		842D40AC2CB8F872C0C791D4 /* SnapshotTesting.framework */ = {isa = PBXFileReference; explicitFileType = wrapper.framework; includeInIndex = 0; path = SnapshotTesting.framework; sourceTree = BUILT_PRODUCTS_DIR; };
		86367454DF23E14D681FDE27 /* Info.plist */ = {isa = PBXFileReference; lastKnownFileType = text.plist; path = Info.plist; sourceTree = "<group>"; };
		86AF3E4E28A1292D02E080C7 /* testUpdateSeveralSnapshotsSwapingLines1.1.swift */ = {isa = PBXFileReference; lastKnownFileType = sourcecode.swift; path = testUpdateSeveralSnapshotsSwapingLines1.1.swift; sourceTree = "<group>"; };
		8A637034F06E7DF38F2339F4 /* testCreateSnapshotWithExtendedDelimiterSingleLine2.1.swift */ = {isa = PBXFileReference; lastKnownFileType = sourcecode.swift; path = testCreateSnapshotWithExtendedDelimiterSingleLine2.1.swift; sourceTree = "<group>"; };
		8EEE36D7D9E53E70DABA3996 /* Diff.swift */ = {isa = PBXFileReference; lastKnownFileType = sourcecode.swift; path = Diff.swift; sourceTree = "<group>"; };
		94A6FCFFED1BDCF9090E5FEC /* testUpdateSnapshotCombined1.1.swift */ = {isa = PBXFileReference; lastKnownFileType = sourcecode.swift; path = testUpdateSnapshotCombined1.1.swift; sourceTree = "<group>"; };
		96E01FF29B2959DE5FD093FB /* CALayer.swift */ = {isa = PBXFileReference; lastKnownFileType = sourcecode.swift; path = CALayer.swift; sourceTree = "<group>"; };
		9CAC8CA2C073A9D03BC22880 /* testUpdateSnapshotWithExtendedDelimiter2.1.swift */ = {isa = PBXFileReference; lastKnownFileType = sourcecode.swift; path = testUpdateSnapshotWithExtendedDelimiter2.1.swift; sourceTree = "<group>"; };
		9CD3B175977519BCF6179FD0 /* testUpdateSnapshotWithShorterExtendedDelimiter1.1.swift */ = {isa = PBXFileReference; lastKnownFileType = sourcecode.swift; path = testUpdateSnapshotWithShorterExtendedDelimiter1.1.swift; sourceTree = "<group>"; };
		9D7D5B93AE097C0B92B78931 /* Snapshotting.swift */ = {isa = PBXFileReference; lastKnownFileType = sourcecode.swift; path = Snapshotting.swift; sourceTree = "<group>"; };
		A0B236137C960C05554D4310 /* AssertSnapshot.swift */ = {isa = PBXFileReference; lastKnownFileType = sourcecode.swift; path = AssertSnapshot.swift; sourceTree = "<group>"; };
		A0BC8BF7E37686D31F59B9F6 /* testUpdateSnapshotWithMoreLines.1.swift */ = {isa = PBXFileReference; lastKnownFileType = sourcecode.swift; path = testUpdateSnapshotWithMoreLines.1.swift; sourceTree = "<group>"; };
		A76261A778A1B8C06EB7E1B4 /* Description.swift */ = {isa = PBXFileReference; lastKnownFileType = sourcecode.swift; path = Description.swift; sourceTree = "<group>"; };
		A906E6EBBD9DC8CFDA3CF642 /* testUpdateSnapshotWithLessLines.1.swift */ = {isa = PBXFileReference; lastKnownFileType = sourcecode.swift; path = testUpdateSnapshotWithLessLines.1.swift; sourceTree = "<group>"; };
		AA7A398EA6B5594232933158 /* URLRequest.swift */ = {isa = PBXFileReference; lastKnownFileType = sourcecode.swift; path = URLRequest.swift; sourceTree = "<group>"; };
		ADACB597E6A3CAC5BFEEFB05 /* testCreateSnapshotWithShorterExtendedDelimiter2.1.swift */ = {isa = PBXFileReference; lastKnownFileType = sourcecode.swift; path = testCreateSnapshotWithShorterExtendedDelimiter2.1.swift; sourceTree = "<group>"; };
		B843712AB555B46BA6E4EC2A /* CaseIterable.swift */ = {isa = PBXFileReference; lastKnownFileType = sourcecode.swift; path = CaseIterable.swift; sourceTree = "<group>"; };
		B8F1FEF91276E0D2BEFD9BC6 /* testCreateSnapshotEscapedNewlineLastLine.1.swift */ = {isa = PBXFileReference; lastKnownFileType = sourcecode.swift; path = testCreateSnapshotEscapedNewlineLastLine.1.swift; sourceTree = "<group>"; };
		C13AB875AB58FF3BCAC1AA66 /* testCreateSnapshotWithExtendedDelimiterSingleLine1.1.swift */ = {isa = PBXFileReference; lastKnownFileType = sourcecode.swift; path = testCreateSnapshotWithExtendedDelimiterSingleLine1.1.swift; sourceTree = "<group>"; };
		CB124D18325606D35B7027A6 /* NSViewController.swift */ = {isa = PBXFileReference; lastKnownFileType = sourcecode.swift; path = NSViewController.swift; sourceTree = "<group>"; };
		D1FE81FC04984B93B0C27FA6 /* testUpdateSnapshot.1.swift */ = {isa = PBXFileReference; lastKnownFileType = sourcecode.swift; path = testUpdateSnapshot.1.swift; sourceTree = "<group>"; };
		D3B960E2B6E4AAE0BA50F27B /* PlistEncoder.swift */ = {isa = PBXFileReference; lastKnownFileType = sourcecode.swift; path = PlistEncoder.swift; sourceTree = "<group>"; };
		D49092873A7A5D6DA623E352 /* String+SpecialCharacters.swift */ = {isa = PBXFileReference; lastKnownFileType = sourcecode.swift; path = "String+SpecialCharacters.swift"; sourceTree = "<group>"; };
		D77BE996AE7868E9B58D6C74 /* testUpdateSeveralSnapshotsSwapingLines2.1.swift */ = {isa = PBXFileReference; lastKnownFileType = sourcecode.swift; path = testUpdateSeveralSnapshotsSwapingLines2.1.swift; sourceTree = "<group>"; };
		D86810F80142B1A3265C4F74 /* WaitTests.swift */ = {isa = PBXFileReference; lastKnownFileType = sourcecode.swift; path = WaitTests.swift; sourceTree = "<group>"; };
		DAA9C51757FC5DC679F5DC72 /* testCreateSnapshotWithLongerExtendedDelimiter1.1.swift */ = {isa = PBXFileReference; lastKnownFileType = sourcecode.swift; path = testCreateSnapshotWithLongerExtendedDelimiter1.1.swift; sourceTree = "<group>"; };
		E1E18803C6CA9CC80FF55033 /* testUpdateSnapshotWithLongerExtendedDelimiter1.1.swift */ = {isa = PBXFileReference; lastKnownFileType = sourcecode.swift; path = testUpdateSnapshotWithLongerExtendedDelimiter1.1.swift; sourceTree = "<group>"; };
		E9D57E3B929139A0C14AEBA7 /* NSView.swift */ = {isa = PBXFileReference; lastKnownFileType = sourcecode.swift; path = NSView.swift; sourceTree = "<group>"; };
		EA789F513A8B1E8EF5BF81E2 /* SnapshotTestingTests.swift */ = {isa = PBXFileReference; lastKnownFileType = sourcecode.swift; path = SnapshotTestingTests.swift; sourceTree = "<group>"; };
		ECEC001D7DB94ECB4F5A2CF9 /* testUpdateSeveralSnapshotsWithMoreLines.1.swift */ = {isa = PBXFileReference; lastKnownFileType = sourcecode.swift; path = testUpdateSeveralSnapshotsWithMoreLines.1.swift; sourceTree = "<group>"; };
		EE91B5904B3F67A3A01610C8 /* testCreateSnapshotWithShorterExtendedDelimiter1.1.swift */ = {isa = PBXFileReference; lastKnownFileType = sourcecode.swift; path = testCreateSnapshotWithShorterExtendedDelimiter1.1.swift; sourceTree = "<group>"; };
		F479E2BD835B9641B85EB51E /* Internal.swift */ = {isa = PBXFileReference; lastKnownFileType = sourcecode.swift; path = Internal.swift; sourceTree = "<group>"; };
		F4D7D0D81B7E35C6284A3E65 /* testUpdateSnapshotWithExtendedDelimiter1.1.swift */ = {isa = PBXFileReference; lastKnownFileType = sourcecode.swift; path = testUpdateSnapshotWithExtendedDelimiter1.1.swift; sourceTree = "<group>"; };
		F6D3BC50BC4692DC6D9FAE0F /* InlineSnapshotTests.swift */ = {isa = PBXFileReference; lastKnownFileType = sourcecode.swift; path = InlineSnapshotTests.swift; sourceTree = "<group>"; };
		F8F831EAAFB97204ECD0B879 /* Any.swift */ = {isa = PBXFileReference; lastKnownFileType = sourcecode.swift; path = Any.swift; sourceTree = "<group>"; };
		FD800FD3282956340AD7706A /* AssertInlineSnapshot.swift */ = {isa = PBXFileReference; lastKnownFileType = sourcecode.swift; path = AssertInlineSnapshot.swift; sourceTree = "<group>"; };
/* End PBXFileReference section */

/* Begin PBXFrameworksBuildPhase section */
		DCA80C9E445E53E0B544D94F /* Frameworks */ = {
			isa = PBXFrameworksBuildPhase;
			buildActionMask = 2147483647;
			files = (
				1F3E59AFA9B307D738D3B93B /* SnapshotTesting.framework in Frameworks */,
			);
			runOnlyForDeploymentPostprocessing = 0;
		};
/* End PBXFrameworksBuildPhase section */

/* Begin PBXGroup section */
		0270B4FD1010850D7D1B908B /* Products */ = {
			isa = PBXGroup;
			children = (
				842D40AC2CB8F872C0C791D4 /* SnapshotTesting.framework */,
				299A5509197083A5DAFCC64A /* SnapshotTestingTests.xctest */,
			);
			name = Products;
			sourceTree = "<group>";
		};
		25CB6D7740D797F781E85C43 /* SnapshotTesting */ = {
			isa = PBXGroup;
			children = (
				FD800FD3282956340AD7706A /* AssertInlineSnapshot.swift */,
				A0B236137C960C05554D4310 /* AssertSnapshot.swift */,
				646ABA578B433C2F4DD4A086 /* Async.swift */,
				8EEE36D7D9E53E70DABA3996 /* Diff.swift */,
				619A277E9C7B85515EC88C84 /* Diffing.swift */,
				5CD2F74288CF52A13C9BB497 /* SnapshotTestCase.swift */,
				9D7D5B93AE097C0B92B78931 /* Snapshotting.swift */,
				D37322FEADE9539AF927F08C /* Common */,
				5768A55D77F19D897206FF9F /* Extensions */,
				F9BB85DCB605867FAE215944 /* Snapshotting */,
			);
			path = SnapshotTesting;
			sourceTree = "<group>";
		};
		26008978BB6A3376BB57B01E /* InlineSnapshotTests */ = {
			isa = PBXGroup;
			children = (
				B8F1FEF91276E0D2BEFD9BC6 /* testCreateSnapshotEscapedNewlineLastLine.1.swift */,
				4C685ECE195C23560AFD1456 /* testCreateSnapshotMultiLine.1.swift */,
				47F0BCE5A339D74CD4AE05C2 /* testCreateSnapshotSingleLine.1.swift */,
				1FB18BB1F44D13D5C5FE09A6 /* testCreateSnapshotWithExtendedDelimiter1.1.swift */,
				2A69D6A4D06EB76C77493EB7 /* testCreateSnapshotWithExtendedDelimiter2.1.swift */,
				C13AB875AB58FF3BCAC1AA66 /* testCreateSnapshotWithExtendedDelimiterSingleLine1.1.swift */,
				8A637034F06E7DF38F2339F4 /* testCreateSnapshotWithExtendedDelimiterSingleLine2.1.swift */,
				DAA9C51757FC5DC679F5DC72 /* testCreateSnapshotWithLongerExtendedDelimiter1.1.swift */,
				1EDE232DB652745F05B478F4 /* testCreateSnapshotWithLongerExtendedDelimiter2.1.swift */,
				EE91B5904B3F67A3A01610C8 /* testCreateSnapshotWithShorterExtendedDelimiter1.1.swift */,
				ADACB597E6A3CAC5BFEEFB05 /* testCreateSnapshotWithShorterExtendedDelimiter2.1.swift */,
				86AF3E4E28A1292D02E080C7 /* testUpdateSeveralSnapshotsSwapingLines1.1.swift */,
				D77BE996AE7868E9B58D6C74 /* testUpdateSeveralSnapshotsSwapingLines2.1.swift */,
				32BC721A155DB7D81BE69683 /* testUpdateSeveralSnapshotsWithLessLines.1.swift */,
				ECEC001D7DB94ECB4F5A2CF9 /* testUpdateSeveralSnapshotsWithMoreLines.1.swift */,
				D1FE81FC04984B93B0C27FA6 /* testUpdateSnapshot.1.swift */,
				94A6FCFFED1BDCF9090E5FEC /* testUpdateSnapshotCombined1.1.swift */,
				F4D7D0D81B7E35C6284A3E65 /* testUpdateSnapshotWithExtendedDelimiter1.1.swift */,
				9CAC8CA2C073A9D03BC22880 /* testUpdateSnapshotWithExtendedDelimiter2.1.swift */,
				A906E6EBBD9DC8CFDA3CF642 /* testUpdateSnapshotWithLessLines.1.swift */,
				E1E18803C6CA9CC80FF55033 /* testUpdateSnapshotWithLongerExtendedDelimiter1.1.swift */,
				4E7085488C51876C1E9B871C /* testUpdateSnapshotWithLongerExtendedDelimiter2.1.swift */,
				A0BC8BF7E37686D31F59B9F6 /* testUpdateSnapshotWithMoreLines.1.swift */,
				9CD3B175977519BCF6179FD0 /* testUpdateSnapshotWithShorterExtendedDelimiter1.1.swift */,
				4796690CC049B52358D7173A /* testUpdateSnapshotWithShorterExtendedDelimiter2.1.swift */,
			);
			path = InlineSnapshotTests;
			sourceTree = "<group>";
		};
		4030632E93C44B22EBB1A63C /* WaitTests */ = {
			isa = PBXGroup;
			children = (
				53F63F2CD9E9F164EB7AF753 /* testWait.1.txt */,
			);
			path = WaitTests;
			sourceTree = "<group>";
		};
		56185AD4FE1BBC443C9CFDDE = {
			isa = PBXGroup;
			children = (
				9CB41CD4EBF4FCC9BF81E4E6 /* Sources */,
				E65E21E7F02E29FEBA38D197 /* Tests */,
				0270B4FD1010850D7D1B908B /* Products */,
			);
			indentWidth = 2;
			sourceTree = "<group>";
			tabWidth = 2;
			usesTabs = 0;
		};
		5768A55D77F19D897206FF9F /* Extensions */ = {
			isa = PBXGroup;
			children = (
				10213E0E8B550596F75463C3 /* Wait.swift */,
			);
			path = Extensions;
			sourceTree = "<group>";
		};
		5F415AF65AF138E223C5D650 /* SnapshotTestingTests */ = {
			isa = PBXGroup;
			children = (
				F6D3BC50BC4692DC6D9FAE0F /* InlineSnapshotTests.swift */,
				EA789F513A8B1E8EF5BF81E2 /* SnapshotTestingTests.swift */,
				49C676C30FCAE10DB1773832 /* TestHelpers.swift */,
				D86810F80142B1A3265C4F74 /* WaitTests.swift */,
				73F45D5CF5F40D4A7FB34FEC /* __Snapshots__ */,
			);
			path = SnapshotTestingTests;
			sourceTree = "<group>";
		};
		73F45D5CF5F40D4A7FB34FEC /* __Snapshots__ */ = {
			isa = PBXGroup;
			children = (
				26008978BB6A3376BB57B01E /* InlineSnapshotTests */,
				4030632E93C44B22EBB1A63C /* WaitTests */,
			);
			path = __Snapshots__;
			sourceTree = "<group>";
		};
		9CB41CD4EBF4FCC9BF81E4E6 /* Sources */ = {
			isa = PBXGroup;
			children = (
				86367454DF23E14D681FDE27 /* Info.plist */,
				25CB6D7740D797F781E85C43 /* SnapshotTesting */,
			);
			path = Sources;
			sourceTree = "<group>";
		};
		D37322FEADE9539AF927F08C /* Common */ = {
			isa = PBXGroup;
			children = (
				F479E2BD835B9641B85EB51E /* Internal.swift */,
				D3B960E2B6E4AAE0BA50F27B /* PlistEncoder.swift */,
				D49092873A7A5D6DA623E352 /* String+SpecialCharacters.swift */,
				0F6B5B3AB021FA3CD7519733 /* View.swift */,
				4BE8DE5E8A102E1012CD0C95 /* XCTAttachment.swift */,
			);
			path = Common;
			sourceTree = "<group>";
		};
		E65E21E7F02E29FEBA38D197 /* Tests */ = {
			isa = PBXGroup;
			children = (
				6244D0EADF210BE6E3CE2EE7 /* Info.plist */,
				5F415AF65AF138E223C5D650 /* SnapshotTestingTests */,
			);
			path = Tests;
			sourceTree = "<group>";
		};
		F9BB85DCB605867FAE215944 /* Snapshotting */ = {
			isa = PBXGroup;
			children = (
				F8F831EAAFB97204ECD0B879 /* Any.swift */,
				96E01FF29B2959DE5FD093FB /* CALayer.swift */,
				B843712AB555B46BA6E4EC2A /* CaseIterable.swift */,
				1F2750685230CC3BC17BDEAB /* CGPath.swift */,
				34D7CFCA42A4D2168436F6C1 /* Codable.swift */,
				58583084B2E2BC023E981D2B /* Data.swift */,
				A76261A778A1B8C06EB7E1B4 /* Description.swift */,
				599AA3651C4CEE464302CFDD /* NSBezierPath.swift */,
				48914A258708D7AC11DC12EF /* NSImage.swift */,
				E9D57E3B929139A0C14AEBA7 /* NSView.swift */,
				CB124D18325606D35B7027A6 /* NSViewController.swift */,
				5580E7AC2CEBEA656780C7A9 /* SceneKit.swift */,
				4055310797F1D4813ABD0359 /* SpriteKit.swift */,
				04F429C62A87AC95E13E2D78 /* String.swift */,
				7585E299A8FF3416E005E3FD /* SwiftUIView.swift */,
				2641BBEB31120E3B7FE5EA51 /* UIBezierPath.swift */,
				810407271A6CB90161DCE6A0 /* UIImage.swift */,
				0D04C79E5D44F1874BBACB11 /* UIView.swift */,
				5AAFA3BB389939B18F4D7187 /* UIViewController.swift */,
				AA7A398EA6B5594232933158 /* URLRequest.swift */,
			);
			path = Snapshotting;
			sourceTree = "<group>";
		};
/* End PBXGroup section */

/* Begin PBXNativeTarget section */
		350FD7BEDD9237DE46747AFE /* SnapshotTestingTests */ = {
			isa = PBXNativeTarget;
			buildConfigurationList = 5F6EB02FEBF0E5A816E494BD /* Build configuration list for PBXNativeTarget "SnapshotTestingTests" */;
			buildPhases = (
				0F5DB359D13A0C83CEA2C743 /* Sources */,
				F261C22771679E5F413C86B0 /* Resources */,
				DCA80C9E445E53E0B544D94F /* Frameworks */,
				2484B5EC2042B72C204E68E1 /* Embed Frameworks */,
			);
			buildRules = (
			);
			dependencies = (
				E466203466E0FB247855DDE9 /* PBXTargetDependency */,
			);
			name = SnapshotTestingTests;
			productName = SnapshotTestingTests;
			productReference = 299A5509197083A5DAFCC64A /* SnapshotTestingTests.xctest */;
			productType = "com.apple.product-type.bundle.unit-test";
		};
		4B97A17EF94FF6150BF664BB /* SnapshotTesting */ = {
			isa = PBXNativeTarget;
			buildConfigurationList = 3BA4D2037FB2F3233D53C85C /* Build configuration list for PBXNativeTarget "SnapshotTesting" */;
			buildPhases = (
				FB632DAAADB0996DDACFA918 /* Sources */,
			);
			buildRules = (
			);
			dependencies = (
			);
			name = SnapshotTesting;
			productName = SnapshotTesting;
			productReference = 842D40AC2CB8F872C0C791D4 /* SnapshotTesting.framework */;
			productType = "com.apple.product-type.framework";
		};
/* End PBXNativeTarget section */

/* Begin PBXProject section */
		675140927BC96A4EABE97C29 /* Project object */ = {
			isa = PBXProject;
			attributes = {
				LastUpgradeCheck = 1200;
				TargetAttributes = {
				};
			};
			buildConfigurationList = D9A4BF45876C849A308801A2 /* Build configuration list for PBXProject "SnapshotTesting" */;
			compatibilityVersion = "Xcode 11.0";
			developmentRegion = en;
			hasScannedForEncodings = 0;
			knownRegions = (
				Base,
				en,
			);
			mainGroup = 56185AD4FE1BBC443C9CFDDE;
			projectDirPath = "";
			projectRoot = "";
			targets = (
				4B97A17EF94FF6150BF664BB /* SnapshotTesting */,
				350FD7BEDD9237DE46747AFE /* SnapshotTestingTests */,
			);
		};
/* End PBXProject section */

/* Begin PBXResourcesBuildPhase section */
		F261C22771679E5F413C86B0 /* Resources */ = {
			isa = PBXResourcesBuildPhase;
			buildActionMask = 2147483647;
			files = (
				9067AB8A013AB2261D98D9AB /* testWait.1.txt in Resources */,
			);
			runOnlyForDeploymentPostprocessing = 0;
		};
/* End PBXResourcesBuildPhase section */

/* Begin PBXSourcesBuildPhase section */
		0F5DB359D13A0C83CEA2C743 /* Sources */ = {
			isa = PBXSourcesBuildPhase;
			buildActionMask = 2147483647;
			files = (
				03B9A959792E47B7074E63EC /* InlineSnapshotTests.swift in Sources */,
				BAE0964452AE739609ECA3DC /* SnapshotTestingTests.swift in Sources */,
				3FAA12F89D28169C030A4869 /* TestHelpers.swift in Sources */,
				A080148A982EA5C60C0D7F80 /* WaitTests.swift in Sources */,
				3B0F5030DBAF4962DEF677BA /* testCreateSnapshotEscapedNewlineLastLine.1.swift in Sources */,
				7D8919F4C9A65E56E7DF5B04 /* testCreateSnapshotMultiLine.1.swift in Sources */,
				C0ECC6E15881FFE3369F155C /* testCreateSnapshotSingleLine.1.swift in Sources */,
				0DC15DB0A6BADEA52DF1EAAC /* testCreateSnapshotWithExtendedDelimiter1.1.swift in Sources */,
				35416511A31CBC53C331BA81 /* testCreateSnapshotWithExtendedDelimiter2.1.swift in Sources */,
				2FAE7EECC8E81A61EE14E44C /* testCreateSnapshotWithExtendedDelimiterSingleLine1.1.swift in Sources */,
				48C26ECDB38CEB6724BA2A84 /* testCreateSnapshotWithExtendedDelimiterSingleLine2.1.swift in Sources */,
				C68FB259008568065E5C7455 /* testCreateSnapshotWithLongerExtendedDelimiter1.1.swift in Sources */,
				FCCAB582CF18F6442BB15668 /* testCreateSnapshotWithLongerExtendedDelimiter2.1.swift in Sources */,
				F78EE63EBF2731C202A13118 /* testCreateSnapshotWithShorterExtendedDelimiter1.1.swift in Sources */,
				090696C9C9B31176981688B6 /* testCreateSnapshotWithShorterExtendedDelimiter2.1.swift in Sources */,
				7DFA18359C245495DA9B3BBF /* testUpdateSeveralSnapshotsSwapingLines1.1.swift in Sources */,
				54C8B9900FB6BDC34C7C64B0 /* testUpdateSeveralSnapshotsSwapingLines2.1.swift in Sources */,
				26D6608B1B03E106FE0C1BB2 /* testUpdateSeveralSnapshotsWithLessLines.1.swift in Sources */,
				B82D85446A12CA5E7B77316E /* testUpdateSeveralSnapshotsWithMoreLines.1.swift in Sources */,
				5B09E6C31A12EC46075D3122 /* testUpdateSnapshot.1.swift in Sources */,
				E241A80A41559E4866A49BEC /* testUpdateSnapshotCombined1.1.swift in Sources */,
				21F2DFB03E4C80A6A0E50F27 /* testUpdateSnapshotWithExtendedDelimiter1.1.swift in Sources */,
				B2DFA8C881CE0C3F00B947BC /* testUpdateSnapshotWithExtendedDelimiter2.1.swift in Sources */,
				FF6204DFE2952D32160022DF /* testUpdateSnapshotWithLessLines.1.swift in Sources */,
				CFE8367588CC332B9FA806D9 /* testUpdateSnapshotWithLongerExtendedDelimiter1.1.swift in Sources */,
				94FBF30103A86AD377871AF5 /* testUpdateSnapshotWithLongerExtendedDelimiter2.1.swift in Sources */,
				BAA0E616B4CFAFBCDE4351CD /* testUpdateSnapshotWithMoreLines.1.swift in Sources */,
				B4F556A885AC3E211749AF7A /* testUpdateSnapshotWithShorterExtendedDelimiter1.1.swift in Sources */,
				BD93D383AC2C3E6B009902C7 /* testUpdateSnapshotWithShorterExtendedDelimiter2.1.swift in Sources */,
			);
			runOnlyForDeploymentPostprocessing = 0;
		};
		FB632DAAADB0996DDACFA918 /* Sources */ = {
			isa = PBXSourcesBuildPhase;
			buildActionMask = 2147483647;
			files = (
				B278D8CC9C458D4A36D713A0 /* Any.swift in Sources */,
				19ED514951B7BC48DF9BFA37 /* AssertInlineSnapshot.swift in Sources */,
				CCC38DF1920BA45F9F2D094A /* AssertSnapshot.swift in Sources */,
				3C0A3CFBF00946BBA68B9F19 /* Async.swift in Sources */,
				9F1F8E88C7E53AFA78C6D2D6 /* CALayer.swift in Sources */,
				502B10D23E9EAB3B4992763A /* CGPath.swift in Sources */,
				DBDBD4CEAD0A28619CE31EED /* CaseIterable.swift in Sources */,
				D780A6DFDAFF4F96C6FCB187 /* Codable.swift in Sources */,
				2952834B814CB534F1FE7004 /* Data.swift in Sources */,
				F76AEB86708951741C689883 /* Description.swift in Sources */,
				D80866131C91C020B787BF3A /* Diff.swift in Sources */,
				95DF08A816C5D2B7D928FB63 /* Diffing.swift in Sources */,
				409EB46E090A27B7B9B888C6 /* Internal.swift in Sources */,
				83E38F7388B81D3B73AF72C0 /* NSBezierPath.swift in Sources */,
				153E4085A2034A6B10A14FE5 /* NSImage.swift in Sources */,
				5509765557741AD711A1BF26 /* NSView.swift in Sources */,
				6A6A8B166E1944E0D02820E7 /* NSViewController.swift in Sources */,
				637FCE26C54FAB825840B592 /* PlistEncoder.swift in Sources */,
				6467247707FAFD8D4138A9E6 /* SceneKit.swift in Sources */,
				235457DCA1FBC05A7A6D2896 /* SnapshotTestCase.swift in Sources */,
				B5E05D81143B70075C4F3603 /* Snapshotting.swift in Sources */,
				F08D075BF88C1AF054EDABEE /* SpriteKit.swift in Sources */,
				BDB8F8E77711315778EEA732 /* String+SpecialCharacters.swift in Sources */,
				D02B619FAFB2C918F3CC288F /* String.swift in Sources */,
				B373B5A94CE4FC777AE53C36 /* SwiftUIView.swift in Sources */,
				09302A1D32AAB58F77A4C44E /* UIBezierPath.swift in Sources */,
				D1D5E4983183725E194F3164 /* UIImage.swift in Sources */,
				CC2ED11045B8419F8AE321AB /* UIView.swift in Sources */,
				703C5E04CC49E21E0E92146B /* UIViewController.swift in Sources */,
				BE574D295531392B956FC68F /* URLRequest.swift in Sources */,
				9DBE94C64A967E2061A6C9F9 /* View.swift in Sources */,
				0DE9CA7B053831FD4B1916D4 /* Wait.swift in Sources */,
				CA71379FB81858894716E478 /* XCTAttachment.swift in Sources */,
			);
			runOnlyForDeploymentPostprocessing = 0;
		};
/* End PBXSourcesBuildPhase section */

/* Begin PBXTargetDependency section */
		E466203466E0FB247855DDE9 /* PBXTargetDependency */ = {
			isa = PBXTargetDependency;
			target = 4B97A17EF94FF6150BF664BB /* SnapshotTesting */;
			targetProxy = C18338DE7B0373356F60BE5A /* PBXContainerItemProxy */;
		};
/* End PBXTargetDependency section */

/* Begin XCBuildConfiguration section */
		0D59BB789BCF611E821DB9D8 /* Debug */ = {
			isa = XCBuildConfiguration;
			buildSettings = {
				APPLICATION_EXTENSION_API_ONLY = YES;
				CODE_SIGN_IDENTITY = "";
				CURRENT_PROJECT_VERSION = 1;
				DEFINES_MODULE = YES;
				DYLIB_COMPATIBILITY_VERSION = 1;
				DYLIB_CURRENT_VERSION = 1;
				DYLIB_INSTALL_NAME_BASE = "@rpath";
				ENABLE_BITCODE = NO;
				ENABLE_TESTING_SEARCH_PATHS = YES;
				FRAMEWORK_SEARCH_PATHS = "$(inherited) $(PLATFORM_DIR)/Developer/Library/Frameworks";
				INFOPLIST_FILE = Sources/Info.plist;
				INSTALL_PATH = "$(LOCAL_LIBRARY_DIR)/Frameworks";
				LD_RUNPATH_SEARCH_PATHS = (
					"$(inherited)",
					"@executable_path/Frameworks",
				);
				PRODUCT_BUNDLE_IDENTIFIER = co.pointfree.SnapshotTesting;
				SDKROOT = iphoneos;
				SKIP_INSTALL = YES;
				SWIFT_VERSION = 5.5;
				TARGETED_DEVICE_FAMILY = "1,2";
				VERSIONING_SYSTEM = "apple-generic";
			};
			name = Debug;
		};
		4D3A8AF7F63B9C9FFDAF9F38 /* Release */ = {
			isa = XCBuildConfiguration;
			buildSettings = {
				APPLICATION_EXTENSION_API_ONLY = YES;
				CODE_SIGN_IDENTITY = "";
				CURRENT_PROJECT_VERSION = 1;
				DEFINES_MODULE = YES;
				DYLIB_COMPATIBILITY_VERSION = 1;
				DYLIB_CURRENT_VERSION = 1;
				DYLIB_INSTALL_NAME_BASE = "@rpath";
				ENABLE_BITCODE = NO;
				ENABLE_TESTING_SEARCH_PATHS = YES;
				FRAMEWORK_SEARCH_PATHS = "$(inherited) $(PLATFORM_DIR)/Developer/Library/Frameworks";
				INFOPLIST_FILE = Sources/Info.plist;
				INSTALL_PATH = "$(LOCAL_LIBRARY_DIR)/Frameworks";
				LD_RUNPATH_SEARCH_PATHS = (
					"$(inherited)",
					"@executable_path/Frameworks",
				);
				PRODUCT_BUNDLE_IDENTIFIER = co.pointfree.SnapshotTesting;
				SDKROOT = iphoneos;
				SKIP_INSTALL = YES;
				SWIFT_VERSION = 5.5;
				TARGETED_DEVICE_FAMILY = "1,2";
				VERSIONING_SYSTEM = "apple-generic";
			};
			name = Release;
		};
		84204C6BFE371A467B87142A /* Release */ = {
			isa = XCBuildConfiguration;
			buildSettings = {
				APPLICATION_EXTENSION_API_ONLY = YES;
				BUNDLE_LOADER = "$(TEST_HOST)";
				INFOPLIST_FILE = Tests/Info.plist;
				LD_RUNPATH_SEARCH_PATHS = (
					"$(inherited)",
					"@executable_path/Frameworks",
					"@loader_path/Frameworks",
				);
				PRODUCT_BUNDLE_IDENTIFIER = co.pointfree.SnapshotTestingTests;
				SDKROOT = iphoneos;
				SWIFT_VERSION = 5.5;
				TARGETED_DEVICE_FAMILY = "1,2";
			};
			name = Release;
		};
		AEDE104E00DE98A57AC67D74 /* Release */ = {
			isa = XCBuildConfiguration;
			buildSettings = {
				ALWAYS_SEARCH_USER_PATHS = NO;
				CLANG_ANALYZER_NONNULL = YES;
				CLANG_ANALYZER_NUMBER_OBJECT_CONVERSION = YES_AGGRESSIVE;
				CLANG_CXX_LANGUAGE_STANDARD = "gnu++14";
				CLANG_CXX_LIBRARY = "libc++";
				CLANG_ENABLE_MODULES = YES;
				CLANG_ENABLE_OBJC_ARC = YES;
				CLANG_ENABLE_OBJC_WEAK = YES;
				CLANG_WARN_BLOCK_CAPTURE_AUTORELEASING = YES;
				CLANG_WARN_BOOL_CONVERSION = YES;
				CLANG_WARN_COMMA = YES;
				CLANG_WARN_CONSTANT_CONVERSION = YES;
				CLANG_WARN_DEPRECATED_OBJC_IMPLEMENTATIONS = YES;
				CLANG_WARN_DIRECT_OBJC_ISA_USAGE = YES_ERROR;
				CLANG_WARN_DOCUMENTATION_COMMENTS = YES;
				CLANG_WARN_EMPTY_BODY = YES;
				CLANG_WARN_ENUM_CONVERSION = YES;
				CLANG_WARN_INFINITE_RECURSION = YES;
				CLANG_WARN_INT_CONVERSION = YES;
				CLANG_WARN_NON_LITERAL_NULL_CONVERSION = YES;
				CLANG_WARN_OBJC_IMPLICIT_RETAIN_SELF = YES;
				CLANG_WARN_OBJC_LITERAL_CONVERSION = YES;
				CLANG_WARN_OBJC_ROOT_CLASS = YES_ERROR;
				CLANG_WARN_QUOTED_INCLUDE_IN_FRAMEWORK_HEADER = YES;
				CLANG_WARN_RANGE_LOOP_ANALYSIS = YES;
				CLANG_WARN_STRICT_PROTOTYPES = YES;
				CLANG_WARN_SUSPICIOUS_MOVE = YES;
				CLANG_WARN_UNGUARDED_AVAILABILITY = YES_AGGRESSIVE;
				CLANG_WARN_UNREACHABLE_CODE = YES;
				CLANG_WARN__DUPLICATE_METHOD_MATCH = YES;
				COPY_PHASE_STRIP = NO;
				DEBUG_INFORMATION_FORMAT = "dwarf-with-dsym";
				ENABLE_NS_ASSERTIONS = NO;
				ENABLE_STRICT_OBJC_MSGSEND = YES;
				GCC_C_LANGUAGE_STANDARD = gnu11;
				GCC_NO_COMMON_BLOCKS = YES;
				GCC_WARN_64_TO_32_BIT_CONVERSION = YES;
				GCC_WARN_ABOUT_RETURN_TYPE = YES_ERROR;
				GCC_WARN_UNDECLARED_SELECTOR = YES;
				GCC_WARN_UNINITIALIZED_AUTOS = YES_AGGRESSIVE;
				GCC_WARN_UNUSED_FUNCTION = YES;
				GCC_WARN_UNUSED_VARIABLE = YES;
				IPHONEOS_DEPLOYMENT_TARGET = 11.0;
				MACOSX_DEPLOYMENT_TARGET = 10.10;
				MTL_ENABLE_DEBUG_INFO = NO;
				MTL_FAST_MATH = YES;
				PRODUCT_NAME = "$(TARGET_NAME)";
				SDKROOT = iphoneos;
				SWIFT_COMPILATION_MODE = wholemodule;
				SWIFT_OPTIMIZATION_LEVEL = "-O";
				SWIFT_VERSION = 5.0;
				TVOS_DEPLOYMENT_TARGET = 10.0;
			};
			name = Release;
		};
		B98820D4E828521BA05C1C58 /* Debug */ = {
			isa = XCBuildConfiguration;
			buildSettings = {
				APPLICATION_EXTENSION_API_ONLY = YES;
				BUNDLE_LOADER = "$(TEST_HOST)";
				INFOPLIST_FILE = Tests/Info.plist;
				LD_RUNPATH_SEARCH_PATHS = (
					"$(inherited)",
					"@executable_path/Frameworks",
					"@loader_path/Frameworks",
				);
				PRODUCT_BUNDLE_IDENTIFIER = co.pointfree.SnapshotTestingTests;
				SDKROOT = iphoneos;
				SWIFT_VERSION = 5.5;
				TARGETED_DEVICE_FAMILY = "1,2";
			};
			name = Debug;
		};
		EB2503D15AB442FE79CAD0B3 /* Debug */ = {
			isa = XCBuildConfiguration;
			buildSettings = {
				ALWAYS_SEARCH_USER_PATHS = NO;
				CLANG_ANALYZER_NONNULL = YES;
				CLANG_ANALYZER_NUMBER_OBJECT_CONVERSION = YES_AGGRESSIVE;
				CLANG_CXX_LANGUAGE_STANDARD = "gnu++14";
				CLANG_CXX_LIBRARY = "libc++";
				CLANG_ENABLE_MODULES = YES;
				CLANG_ENABLE_OBJC_ARC = YES;
				CLANG_ENABLE_OBJC_WEAK = YES;
				CLANG_WARN_BLOCK_CAPTURE_AUTORELEASING = YES;
				CLANG_WARN_BOOL_CONVERSION = YES;
				CLANG_WARN_COMMA = YES;
				CLANG_WARN_CONSTANT_CONVERSION = YES;
				CLANG_WARN_DEPRECATED_OBJC_IMPLEMENTATIONS = YES;
				CLANG_WARN_DIRECT_OBJC_ISA_USAGE = YES_ERROR;
				CLANG_WARN_DOCUMENTATION_COMMENTS = YES;
				CLANG_WARN_EMPTY_BODY = YES;
				CLANG_WARN_ENUM_CONVERSION = YES;
				CLANG_WARN_INFINITE_RECURSION = YES;
				CLANG_WARN_INT_CONVERSION = YES;
				CLANG_WARN_NON_LITERAL_NULL_CONVERSION = YES;
				CLANG_WARN_OBJC_IMPLICIT_RETAIN_SELF = YES;
				CLANG_WARN_OBJC_LITERAL_CONVERSION = YES;
				CLANG_WARN_OBJC_ROOT_CLASS = YES_ERROR;
				CLANG_WARN_QUOTED_INCLUDE_IN_FRAMEWORK_HEADER = YES;
				CLANG_WARN_RANGE_LOOP_ANALYSIS = YES;
				CLANG_WARN_STRICT_PROTOTYPES = YES;
				CLANG_WARN_SUSPICIOUS_MOVE = YES;
				CLANG_WARN_UNGUARDED_AVAILABILITY = YES_AGGRESSIVE;
				CLANG_WARN_UNREACHABLE_CODE = YES;
				CLANG_WARN__DUPLICATE_METHOD_MATCH = YES;
				COPY_PHASE_STRIP = NO;
				DEBUG_INFORMATION_FORMAT = dwarf;
				ENABLE_STRICT_OBJC_MSGSEND = YES;
				ENABLE_TESTABILITY = YES;
				GCC_C_LANGUAGE_STANDARD = gnu11;
				GCC_DYNAMIC_NO_PIC = NO;
				GCC_NO_COMMON_BLOCKS = YES;
				GCC_OPTIMIZATION_LEVEL = 0;
				GCC_PREPROCESSOR_DEFINITIONS = (
					"$(inherited)",
					"DEBUG=1",
				);
				GCC_WARN_64_TO_32_BIT_CONVERSION = YES;
				GCC_WARN_ABOUT_RETURN_TYPE = YES_ERROR;
				GCC_WARN_UNDECLARED_SELECTOR = YES;
				GCC_WARN_UNINITIALIZED_AUTOS = YES_AGGRESSIVE;
				GCC_WARN_UNUSED_FUNCTION = YES;
				GCC_WARN_UNUSED_VARIABLE = YES;
				IPHONEOS_DEPLOYMENT_TARGET = 11.0;
				MACOSX_DEPLOYMENT_TARGET = 10.10;
				MTL_ENABLE_DEBUG_INFO = INCLUDE_SOURCE;
				MTL_FAST_MATH = YES;
				ONLY_ACTIVE_ARCH = YES;
				PRODUCT_NAME = "$(TARGET_NAME)";
				SDKROOT = iphoneos;
				SWIFT_ACTIVE_COMPILATION_CONDITIONS = DEBUG;
				SWIFT_OPTIMIZATION_LEVEL = "-Onone";
				SWIFT_VERSION = 5.0;
				TVOS_DEPLOYMENT_TARGET = 10.0;
			};
			name = Debug;
		};
/* End XCBuildConfiguration section */

/* Begin XCConfigurationList section */
		3BA4D2037FB2F3233D53C85C /* Build configuration list for PBXNativeTarget "SnapshotTesting" */ = {
			isa = XCConfigurationList;
			buildConfigurations = (
				0D59BB789BCF611E821DB9D8 /* Debug */,
				4D3A8AF7F63B9C9FFDAF9F38 /* Release */,
			);
			defaultConfigurationIsVisible = 0;
			defaultConfigurationName = Debug;
		};
		5F6EB02FEBF0E5A816E494BD /* Build configuration list for PBXNativeTarget "SnapshotTestingTests" */ = {
			isa = XCConfigurationList;
			buildConfigurations = (
				B98820D4E828521BA05C1C58 /* Debug */,
				84204C6BFE371A467B87142A /* Release */,
			);
			defaultConfigurationIsVisible = 0;
			defaultConfigurationName = Debug;
		};
		D9A4BF45876C849A308801A2 /* Build configuration list for PBXProject "SnapshotTesting" */ = {
			isa = XCConfigurationList;
			buildConfigurations = (
				EB2503D15AB442FE79CAD0B3 /* Debug */,
				AEDE104E00DE98A57AC67D74 /* Release */,
			);
			defaultConfigurationIsVisible = 0;
			defaultConfigurationName = Debug;
		};
/* End XCConfigurationList section */
	};
	rootObject = 675140927BC96A4EABE97C29 /* Project object */;
}
